
Microsoft Visual Studio Solution File, Format Version 12.00
# Visual Studio 15
VisualStudioVersion = 15.0.28307.271
MinimumVisualStudioVersion = 10.0.40219.1
Project("{FAE04EC0-301F-11D3-BF4B-00C04F79EFBC}") = "FutureStock", "FutureStock\FutureStock.csproj", "{2492C93E-57D0-4BD0-A0D0-2D69F611AA30}"
EndProject
Global
	GlobalSection(SolutionConfigurationPlatforms) = preSolution
		Debug|Any CPU = Debug|Any CPU
		Release|Any CPU = Release|Any CPU
	EndGlobalSection
	GlobalSection(ProjectConfigurationPlatforms) = postSolution
		{2492C93E-57D0-4BD0-A0D0-2D69F611AA30}.Debug|Any CPU.ActiveCfg = Debug|Any CPU
		{2492C93E-57D0-4BD0-A0D0-2D69F611AA30}.Debug|Any CPU.Build.0 = Debug|Any CPU
		{2492C93E-57D0-4BD0-A0D0-2D69F611AA30}.Release|Any CPU.ActiveCfg = Release|Any CPU
		{2492C93E-57D0-4BD0-A0D0-2D69F611AA30}.Release|Any CPU.Build.0 = Release|Any CPU
	EndGlobalSection
	GlobalSection(SolutionProperties) = preSolution
		HideSolutionNode = FALSE
	EndGlobalSection
	GlobalSection(ExtensibilityGlobals) = postSolution
		SolutionGuid = {B4DAFE8D-DC90-4684-9443-D8E139DF29A5}
	EndGlobalSection
EndGlobal
